
Microsoft Visual Studio Solution File, Format Version 12.00
# Visual Studio Version 17
VisualStudioVersion = 17.5.33502.453
MinimumVisualStudioVersion = 10.0.40219.1
Project("{FAE04EC0-301F-11D3-BF4B-00C04F79EFBC}") = "ExerciseLinq2", "ExerciseLinq2.csproj", "{4DC1EC6C-08FE-4550-BA18-D234552DD329}"
EndProject
Global
	GlobalSection(SolutionConfigurationPlatforms) = preSolution
		Debug|Any CPU = Debug|Any CPU
		Release|Any CPU = Release|Any CPU
	EndGlobalSection
	GlobalSection(ProjectConfigurationPlatforms) = postSolution
		{4DC1EC6C-08FE-4550-BA18-D234552DD329}.Debug|Any CPU.ActiveCfg = Debug|Any CPU
		{4DC1EC6C-08FE-4550-BA18-D234552DD329}.Debug|Any CPU.Build.0 = Debug|Any CPU
		{4DC1EC6C-08FE-4550-BA18-D234552DD329}.Release|Any CPU.ActiveCfg = Release|Any CPU
		{4DC1EC6C-08FE-4550-BA18-D234552DD329}.Release|Any CPU.Build.0 = Release|Any CPU
	EndGlobalSection
	GlobalSection(SolutionProperties) = preSolution
		HideSolutionNode = FALSE
	EndGlobalSection
	GlobalSection(ExtensibilityGlobals) = postSolution
		SolutionGuid = {2D913A49-17AD-4433-ADC1-6600A5E1472F}
	EndGlobalSection
EndGlobal
